
Microsoft Visual Studio Solution File, Format Version 12.00
# Visual Studio Version 16
VisualStudioVersion = 16.0.29209.62
MinimumVisualStudioVersion = 10.0.40219.1
Project("{FAE04EC0-301F-11D3-BF4B-00C04F79EFBC}") = "DatesFormat", "DatesFormat\DatesFormat.csproj", "{33B0EF6E-652F-4784-B856-15F7F3D7583C}"
EndProject
Project("{FAE04EC0-301F-11D3-BF4B-00C04F79EFBC}") = "DateFormat", "DateFormat\DateFormat.csproj", "{F445D0FA-8B50-497F-891E-401FFE71F98B}"
EndProject
Global
	GlobalSection(SolutionConfigurationPlatforms) = preSolution
		Debug|Any CPU = Debug|Any CPU
		Release|Any CPU = Release|Any CPU
	EndGlobalSection
	GlobalSection(ProjectConfigurationPlatforms) = postSolution
		{33B0EF6E-652F-4784-B856-15F7F3D7583C}.Debug|Any CPU.ActiveCfg = Debug|Any CPU
		{33B0EF6E-652F-4784-B856-15F7F3D7583C}.Debug|Any CPU.Build.0 = Debug|Any CPU
		{33B0EF6E-652F-4784-B856-15F7F3D7583C}.Release|Any CPU.ActiveCfg = Release|Any CPU
		{33B0EF6E-652F-4784-B856-15F7F3D7583C}.Release|Any CPU.Build.0 = Release|Any CPU
		{F445D0FA-8B50-497F-891E-401FFE71F98B}.Debug|Any CPU.ActiveCfg = Debug|Any CPU
		{F445D0FA-8B50-497F-891E-401FFE71F98B}.Debug|Any CPU.Build.0 = Debug|Any CPU
		{F445D0FA-8B50-497F-891E-401FFE71F98B}.Release|Any CPU.ActiveCfg = Release|Any CPU
		{F445D0FA-8B50-497F-891E-401FFE71F98B}.Release|Any CPU.Build.0 = Release|Any CPU
	EndGlobalSection
	GlobalSection(SolutionProperties) = preSolution
		HideSolutionNode = FALSE
	EndGlobalSection
	GlobalSection(ExtensibilityGlobals) = postSolution
		SolutionGuid = {FBEA9D36-A34D-4AB9-8368-151CD8C3D097}
	EndGlobalSection
EndGlobal
